
Microsoft Visual Studio Solution File, Format Version 12.00
# Visual Studio Version 17
VisualStudioVersion = 17.14.36408.4 d17.14
MinimumVisualStudioVersion = 10.0.40219.1
Project("{FAE04EC0-301F-11D3-BF4B-00C04F79EFBC}") = "Weather Info App", "Weather Info App\Weather Info App.csproj", "{0BE8F685-704B-404E-A589-DF579F75C27B}"
EndProject
Global
	GlobalSection(SolutionConfigurationPlatforms) = preSolution
		Debug|Any CPU = Debug|Any CPU
		Release|Any CPU = Release|Any CPU
	EndGlobalSection
	GlobalSection(ProjectConfigurationPlatforms) = postSolution
		{0BE8F685-704B-404E-A589-DF579F75C27B}.Debug|Any CPU.ActiveCfg = Debug|Any CPU
		{0BE8F685-704B-404E-A589-DF579F75C27B}.Debug|Any CPU.Build.0 = Debug|Any CPU
		{0BE8F685-704B-404E-A589-DF579F75C27B}.Release|Any CPU.ActiveCfg = Release|Any CPU
		{0BE8F685-704B-404E-A589-DF579F75C27B}.Release|Any CPU.Build.0 = Release|Any CPU
	EndGlobalSection
	GlobalSection(SolutionProperties) = preSolution
		HideSolutionNode = FALSE
	EndGlobalSection
	GlobalSection(ExtensibilityGlobals) = postSolution
		SolutionGuid = {7E83CB09-1E63-4E39-9E64-61432DD9AF33}
	EndGlobalSection
EndGlobal
